// !$*UTF8*$!
{
	archiveVersion = 1;
	classes = {
	};
	objectVersion = 56;
	objects = {

/* Begin PBXBuildFile section */
		A21F09B4291BAE40008AFE29 /* CryptoSwiftApp.swift in Sources */ = {isa = PBXBuildFile; fileRef = A21F09B3291BAE40008AFE29 /* CryptoSwiftApp.swift */; };
		A21F09B6291BAE40008AFE29 /* ContentView.swift in Sources */ = {isa = PBXBuildFile; fileRef = A21F09B5291BAE40008AFE29 /* ContentView.swift */; };
		A21F09BB291BAE41008AFE29 /* Preview Assets.xcassets in Resources */ = {isa = PBXBuildFile; fileRef = A21F09BA291BAE41008AFE29 /* Preview Assets.xcassets */; };
		A21F09C5291BB01E008AFE29 /* Color.swift in Sources */ = {isa = PBXBuildFile; fileRef = A21F09C4291BB01E008AFE29 /* Color.swift */; };
		A22FD24C293732F100D7F3B8 /* DetailView.swift in Sources */ = {isa = PBXBuildFile; fileRef = A22FD24B293732F100D7F3B8 /* DetailView.swift */; };
		A247B7D0292648CF002FFF6D /* CoinDataService.swift in Sources */ = {isa = PBXBuildFile; fileRef = A247B7CF292648CF002FFF6D /* CoinDataService.swift */; };
		A26EDAAF291D1B95004DD0B2 /* CoinModel.swift in Sources */ = {isa = PBXBuildFile; fileRef = A26EDAAE291D1B95004DD0B2 /* CoinModel.swift */; };
		A2D41375291BBEC000C1A25F /* HomeView.swift in Sources */ = {isa = PBXBuildFile; fileRef = A2D41374291BBEC000C1A25F /* HomeView.swift */; };
		A2D41379291BBFAC00C1A25F /* CircleButtonView.swift in Sources */ = {isa = PBXBuildFile; fileRef = A2D41378291BBFAC00C1A25F /* CircleButtonView.swift */; };
		A2D4137B291BC34200C1A25F /* CircleButtonAnimationView.swift in Sources */ = {isa = PBXBuildFile; fileRef = A2D4137A291BC34200C1A25F /* CircleButtonAnimationView.swift */; };
		B602F0662920D26A00D9268E /* HomeViewModel.swift in Sources */ = {isa = PBXBuildFile; fileRef = B602F0652920D26A00D9268E /* HomeViewModel.swift */; };
		B61BB281292A198F00FFC771 /* LocalFileManager.swift in Sources */ = {isa = PBXBuildFile; fileRef = B61BB280292A198F00FFC771 /* LocalFileManager.swift */; };
		B61BB283292BB2B700FFC771 /* SearchBarView.swift in Sources */ = {isa = PBXBuildFile; fileRef = B61BB282292BB2B700FFC771 /* SearchBarView.swift */; };
		B61BB285292BB6AA00FFC771 /* UIApplication.swift in Sources */ = {isa = PBXBuildFile; fileRef = B61BB284292BB6AA00FFC771 /* UIApplication.swift */; };
		B642CF5C2931D19E000C19EF /* MarketDataModel.swift in Sources */ = {isa = PBXBuildFile; fileRef = B642CF5B2931D19E000C19EF /* MarketDataModel.swift */; };
		B642CF5E2931D677000C19EF /* MarketDataService.swift in Sources */ = {isa = PBXBuildFile; fileRef = B642CF5D2931D677000C19EF /* MarketDataService.swift */; };
		B642CF602931DF54000C19EF /* PortfolioView.swift in Sources */ = {isa = PBXBuildFile; fileRef = B642CF5F2931DF54000C19EF /* PortfolioView.swift */; };
		B642CF622931E113000C19EF /* XMarkButton.swift in Sources */ = {isa = PBXBuildFile; fileRef = B642CF612931E113000C19EF /* XMarkButton.swift */; };
		B642CF6429320EFB000C19EF /* CoinLogoView.swift in Sources */ = {isa = PBXBuildFile; fileRef = B642CF6329320EFB000C19EF /* CoinLogoView.swift */; };
		B649F5C22929193B004B3D92 /* CoinImageViewModel.swift in Sources */ = {isa = PBXBuildFile; fileRef = B649F5C12929193B004B3D92 /* CoinImageViewModel.swift */; };
		B649F5C42929195A004B3D92 /* CoinImageView.swift in Sources */ = {isa = PBXBuildFile; fileRef = B649F5C32929195A004B3D92 /* CoinImageView.swift */; };
		B649F5C629291A87004B3D92 /* CoinImageService.swift in Sources */ = {isa = PBXBuildFile; fileRef = B649F5C529291A87004B3D92 /* CoinImageService.swift */; };
		B665AACE2934E9A600B608AB /* PortfolioContainer.xcdatamodeld in Sources */ = {isa = PBXBuildFile; fileRef = B665AACC2934E9A600B608AB /* PortfolioContainer.xcdatamodeld */; };
		B665AAD02934EA8E00B608AB /* PortfolioDataService.swift in Sources */ = {isa = PBXBuildFile; fileRef = B665AACF2934EA8E00B608AB /* PortfolioDataService.swift */; };
		B689701B2936550F002A8F01 /* HapticManager.swift in Sources */ = {isa = PBXBuildFile; fileRef = B689701A2936550F002A8F01 /* HapticManager.swift */; };
		B6919590291E9203005A50A8 /* Assets.xcassets in Resources */ = {isa = PBXBuildFile; fileRef = B691958F291E9203005A50A8 /* Assets.xcassets */; };
		B6919592291E92AF005A50A8 /* CoinRowView.swift in Sources */ = {isa = PBXBuildFile; fileRef = B6919591291E92AF005A50A8 /* CoinRowView.swift */; };
		B6919594291E930B005A50A8 /* PreviewProvider.swift in Sources */ = {isa = PBXBuildFile; fileRef = B6919593291E930B005A50A8 /* PreviewProvider.swift */; };
		B6919596291E9767005A50A8 /* Double.swift in Sources */ = {isa = PBXBuildFile; fileRef = B6919595291E9767005A50A8 /* Double.swift */; };
		B69874302929132E0016171C /* NetworkingManager.swift in Sources */ = {isa = PBXBuildFile; fileRef = B698742F2929132E0016171C /* NetworkingManager.swift */; };
		B6B35EC5293B255800640E9A /* CoinDetailModel.swift in Sources */ = {isa = PBXBuildFile; fileRef = B6B35EC4293B255800640E9A /* CoinDetailModel.swift */; };
		B6B35EC7293B283900640E9A /* DetailViewModel.swift in Sources */ = {isa = PBXBuildFile; fileRef = B6B35EC6293B283900640E9A /* DetailViewModel.swift */; };
		B6B35EC9293B285A00640E9A /* CoinDetailDataService.swift in Sources */ = {isa = PBXBuildFile; fileRef = B6B35EC8293B285A00640E9A /* CoinDetailDataService.swift */; };
		B6B35ECB293E2B3200640E9A /* ChartView.swift in Sources */ = {isa = PBXBuildFile; fileRef = B6B35ECA293E2B3200640E9A /* ChartView.swift */; };
		B6B35ECD293E30EB00640E9A /* Date.swift in Sources */ = {isa = PBXBuildFile; fileRef = B6B35ECC293E30EB00640E9A /* Date.swift */; };
		B6FA45A9292D1AAF008D83BC /* StatisticModel.swift in Sources */ = {isa = PBXBuildFile; fileRef = B6FA45A8292D1AAF008D83BC /* StatisticModel.swift */; };
		B6FA45AB292D1BB0008D83BC /* StatisticView.swift in Sources */ = {isa = PBXBuildFile; fileRef = B6FA45AA292D1BB0008D83BC /* StatisticView.swift */; };
		B6FA45AD292D1E8C008D83BC /* HomeStatsView.swift in Sources */ = {isa = PBXBuildFile; fileRef = B6FA45AC292D1E8C008D83BC /* HomeStatsView.swift */; };
/* End PBXBuildFile section */

/* Begin PBXFileReference section */
		A21F09B0291BAE40008AFE29 /* CryptoSwift.app */ = {isa = PBXFileReference; explicitFileType = wrapper.application; includeInIndex = 0; path = CryptoSwift.app; sourceTree = BUILT_PRODUCTS_DIR; };
		A21F09B3291BAE40008AFE29 /* CryptoSwiftApp.swift */ = {isa = PBXFileReference; lastKnownFileType = sourcecode.swift; path = CryptoSwiftApp.swift; sourceTree = "<group>"; };
		A21F09B5291BAE40008AFE29 /* ContentView.swift */ = {isa = PBXFileReference; lastKnownFileType = sourcecode.swift; path = ContentView.swift; sourceTree = "<group>"; };
		A21F09BA291BAE41008AFE29 /* Preview Assets.xcassets */ = {isa = PBXFileReference; lastKnownFileType = folder.assetcatalog; path = "Preview Assets.xcassets"; sourceTree = "<group>"; };
		A21F09C4291BB01E008AFE29 /* Color.swift */ = {isa = PBXFileReference; lastKnownFileType = sourcecode.swift; path = Color.swift; sourceTree = "<group>"; };
		A22FD24B293732F100D7F3B8 /* DetailView.swift */ = {isa = PBXFileReference; lastKnownFileType = sourcecode.swift; path = DetailView.swift; sourceTree = "<group>"; };
		A247B7CF292648CF002FFF6D /* CoinDataService.swift */ = {isa = PBXFileReference; lastKnownFileType = sourcecode.swift; path = CoinDataService.swift; sourceTree = "<group>"; };
		A26EDAAE291D1B95004DD0B2 /* CoinModel.swift */ = {isa = PBXFileReference; lastKnownFileType = sourcecode.swift; path = CoinModel.swift; sourceTree = "<group>"; };
		A2D41374291BBEC000C1A25F /* HomeView.swift */ = {isa = PBXFileReference; lastKnownFileType = sourcecode.swift; path = HomeView.swift; sourceTree = "<group>"; };
		A2D41378291BBFAC00C1A25F /* CircleButtonView.swift */ = {isa = PBXFileReference; lastKnownFileType = sourcecode.swift; path = CircleButtonView.swift; sourceTree = "<group>"; };
		A2D4137A291BC34200C1A25F /* CircleButtonAnimationView.swift */ = {isa = PBXFileReference; lastKnownFileType = sourcecode.swift; path = CircleButtonAnimationView.swift; sourceTree = "<group>"; };
		B602F0652920D26A00D9268E /* HomeViewModel.swift */ = {isa = PBXFileReference; lastKnownFileType = sourcecode.swift; name = HomeViewModel.swift; path = CryptoSwift/Core/Home/Views/HomeViewModel.swift; sourceTree = SOURCE_ROOT; };
		B61BB280292A198F00FFC771 /* LocalFileManager.swift */ = {isa = PBXFileReference; lastKnownFileType = sourcecode.swift; path = LocalFileManager.swift; sourceTree = "<group>"; };
		B61BB282292BB2B700FFC771 /* SearchBarView.swift */ = {isa = PBXFileReference; lastKnownFileType = sourcecode.swift; path = SearchBarView.swift; sourceTree = "<group>"; };
		B61BB284292BB6AA00FFC771 /* UIApplication.swift */ = {isa = PBXFileReference; lastKnownFileType = sourcecode.swift; path = UIApplication.swift; sourceTree = "<group>"; };
		B642CF5B2931D19E000C19EF /* MarketDataModel.swift */ = {isa = PBXFileReference; lastKnownFileType = sourcecode.swift; path = MarketDataModel.swift; sourceTree = "<group>"; };
		B642CF5D2931D677000C19EF /* MarketDataService.swift */ = {isa = PBXFileReference; lastKnownFileType = sourcecode.swift; path = MarketDataService.swift; sourceTree = "<group>"; };
		B642CF5F2931DF54000C19EF /* PortfolioView.swift */ = {isa = PBXFileReference; lastKnownFileType = sourcecode.swift; path = PortfolioView.swift; sourceTree = "<group>"; };
		B642CF612931E113000C19EF /* XMarkButton.swift */ = {isa = PBXFileReference; lastKnownFileType = sourcecode.swift; path = XMarkButton.swift; sourceTree = "<group>"; };
		B642CF6329320EFB000C19EF /* CoinLogoView.swift */ = {isa = PBXFileReference; lastKnownFileType = sourcecode.swift; path = CoinLogoView.swift; sourceTree = "<group>"; };
		B649F5C12929193B004B3D92 /* CoinImageViewModel.swift */ = {isa = PBXFileReference; lastKnownFileType = sourcecode.swift; path = CoinImageViewModel.swift; sourceTree = "<group>"; };
		B649F5C32929195A004B3D92 /* CoinImageView.swift */ = {isa = PBXFileReference; lastKnownFileType = sourcecode.swift; path = CoinImageView.swift; sourceTree = "<group>"; };
		B649F5C529291A87004B3D92 /* CoinImageService.swift */ = {isa = PBXFileReference; lastKnownFileType = sourcecode.swift; path = CoinImageService.swift; sourceTree = "<group>"; };
		B665AACD2934E9A600B608AB /* PortfolioContainer.xcdatamodel */ = {isa = PBXFileReference; lastKnownFileType = wrapper.xcdatamodel; path = PortfolioContainer.xcdatamodel; sourceTree = "<group>"; };
		B665AACF2934EA8E00B608AB /* PortfolioDataService.swift */ = {isa = PBXFileReference; lastKnownFileType = sourcecode.swift; path = PortfolioDataService.swift; sourceTree = "<group>"; };
		B689701A2936550F002A8F01 /* HapticManager.swift */ = {isa = PBXFileReference; lastKnownFileType = sourcecode.swift; path = HapticManager.swift; sourceTree = "<group>"; };
		B691958F291E9203005A50A8 /* Assets.xcassets */ = {isa = PBXFileReference; lastKnownFileType = folder.assetcatalog; path = Assets.xcassets; sourceTree = "<group>"; };
		B6919591291E92AF005A50A8 /* CoinRowView.swift */ = {isa = PBXFileReference; lastKnownFileType = sourcecode.swift; path = CoinRowView.swift; sourceTree = "<group>"; };
		B6919593291E930B005A50A8 /* PreviewProvider.swift */ = {isa = PBXFileReference; lastKnownFileType = sourcecode.swift; path = PreviewProvider.swift; sourceTree = "<group>"; };
		B6919595291E9767005A50A8 /* Double.swift */ = {isa = PBXFileReference; lastKnownFileType = sourcecode.swift; path = Double.swift; sourceTree = "<group>"; };
		B698742F2929132E0016171C /* NetworkingManager.swift */ = {isa = PBXFileReference; lastKnownFileType = sourcecode.swift; path = NetworkingManager.swift; sourceTree = "<group>"; };
		B6B35EC4293B255800640E9A /* CoinDetailModel.swift */ = {isa = PBXFileReference; lastKnownFileType = sourcecode.swift; path = CoinDetailModel.swift; sourceTree = "<group>"; };
		B6B35EC6293B283900640E9A /* DetailViewModel.swift */ = {isa = PBXFileReference; lastKnownFileType = sourcecode.swift; path = DetailViewModel.swift; sourceTree = "<group>"; };
		B6B35EC8293B285A00640E9A /* CoinDetailDataService.swift */ = {isa = PBXFileReference; lastKnownFileType = sourcecode.swift; path = CoinDetailDataService.swift; sourceTree = "<group>"; };
		B6B35ECA293E2B3200640E9A /* ChartView.swift */ = {isa = PBXFileReference; lastKnownFileType = sourcecode.swift; path = ChartView.swift; sourceTree = "<group>"; };
		B6B35ECC293E30EB00640E9A /* Date.swift */ = {isa = PBXFileReference; lastKnownFileType = sourcecode.swift; path = Date.swift; sourceTree = "<group>"; };
		B6FA45A8292D1AAF008D83BC /* StatisticModel.swift */ = {isa = PBXFileReference; lastKnownFileType = sourcecode.swift; path = StatisticModel.swift; sourceTree = "<group>"; };
		B6FA45AA292D1BB0008D83BC /* StatisticView.swift */ = {isa = PBXFileReference; lastKnownFileType = sourcecode.swift; path = StatisticView.swift; sourceTree = "<group>"; };
		B6FA45AC292D1E8C008D83BC /* HomeStatsView.swift */ = {isa = PBXFileReference; lastKnownFileType = sourcecode.swift; path = HomeStatsView.swift; sourceTree = "<group>"; };
/* End PBXFileReference section */

/* Begin PBXFrameworksBuildPhase section */
		A21F09AD291BAE40008AFE29 /* Frameworks */ = {
			isa = PBXFrameworksBuildPhase;
			buildActionMask = 2147483647;
			files = (
			);
			runOnlyForDeploymentPostprocessing = 0;
		};
/* End PBXFrameworksBuildPhase section */

/* Begin PBXGroup section */
		A21F09A7291BAE40008AFE29 = {
			isa = PBXGroup;
			children = (
				A21F09B2291BAE40008AFE29 /* CryptoSwift */,
				A21F09B1291BAE40008AFE29 /* Products */,
			);
			sourceTree = "<group>";
		};
		A21F09B1291BAE40008AFE29 /* Products */ = {
			isa = PBXGroup;
			children = (
				A21F09B0291BAE40008AFE29 /* CryptoSwift.app */,
			);
			name = Products;
			sourceTree = "<group>";
		};
		A21F09B2291BAE40008AFE29 /* CryptoSwift */ = {
			isa = PBXGroup;
			children = (
				A21F09B3291BAE40008AFE29 /* CryptoSwiftApp.swift */,
				B698742E292912FA0016171C /* Utilities */,
				A21F09C3291BB004008AFE29 /* Extensions */,
				A247B7CE292648B3002FFF6D /* Services */,
				A26EDAAD291D1B69004DD0B2 /* Models */,
				A21F09C6291BB26B008AFE29 /* Core */,
				A21F09B5291BAE40008AFE29 /* ContentView.swift */,
				B691958F291E9203005A50A8 /* Assets.xcassets */,
				A21F09B9291BAE41008AFE29 /* Preview Content */,
			);
			path = CryptoSwift;
			sourceTree = "<group>";
		};
		A21F09B9291BAE41008AFE29 /* Preview Content */ = {
			isa = PBXGroup;
			children = (
				A21F09BA291BAE41008AFE29 /* Preview Assets.xcassets */,
			);
			path = "Preview Content";
			sourceTree = "<group>";
		};
		A21F09C3291BB004008AFE29 /* Extensions */ = {
			isa = PBXGroup;
			children = (
				A21F09C4291BB01E008AFE29 /* Color.swift */,
				B6919593291E930B005A50A8 /* PreviewProvider.swift */,
				B6919595291E9767005A50A8 /* Double.swift */,
				B61BB284292BB6AA00FFC771 /* UIApplication.swift */,
				B6B35ECC293E30EB00640E9A /* Date.swift */,
			);
			path = Extensions;
			sourceTree = "<group>";
		};
		A21F09C6291BB26B008AFE29 /* Core */ = {
			isa = PBXGroup;
			children = (
				A2D41376291BBF8700C1A25F /* Components */,
				A21F09C7291BB28C008AFE29 /* Home */,
				A22FD248293732BA00D7F3B8 /* Detail */,
			);
			path = Core;
			sourceTree = "<group>";
		};
		A21F09C7291BB28C008AFE29 /* Home */ = {
			isa = PBXGroup;
			children = (
				A21F09C8291BB29A008AFE29 /* Views */,
				A21F09C9291BB2A5008AFE29 /* ViewModels */,
			);
			path = Home;
			sourceTree = "<group>";
		};
		A21F09C8291BB29A008AFE29 /* Views */ = {
			isa = PBXGroup;
			children = (
				A2D41374291BBEC000C1A25F /* HomeView.swift */,
				B6FA45AC292D1E8C008D83BC /* HomeStatsView.swift */,
				B6919591291E92AF005A50A8 /* CoinRowView.swift */,
				B642CF5F2931DF54000C19EF /* PortfolioView.swift */,
			);
			path = Views;
			sourceTree = "<group>";
		};
		A21F09C9291BB2A5008AFE29 /* ViewModels */ = {
			isa = PBXGroup;
			children = (
				B602F0652920D26A00D9268E /* HomeViewModel.swift */,
			);
			path = ViewModels;
			sourceTree = "<group>";
		};
		A22FD248293732BA00D7F3B8 /* Detail */ = {
			isa = PBXGroup;
			children = (
				A22FD24A293732E200D7F3B8 /* Views */,
				A22FD249293732DC00D7F3B8 /* ViewModels */,
			);
			path = Detail;
			sourceTree = "<group>";
		};
		A22FD249293732DC00D7F3B8 /* ViewModels */ = {
			isa = PBXGroup;
			children = (
				B6B35EC6293B283900640E9A /* DetailViewModel.swift */,
			);
			path = ViewModels;
			sourceTree = "<group>";
		};
		A22FD24A293732E200D7F3B8 /* Views */ = {
			isa = PBXGroup;
			children = (
				A22FD24B293732F100D7F3B8 /* DetailView.swift */,
				B6B35ECA293E2B3200640E9A /* ChartView.swift */,
			);
			path = Views;
			sourceTree = "<group>";
		};
		A247B7CE292648B3002FFF6D /* Services */ = {
			isa = PBXGroup;
			children = (
				A247B7CF292648CF002FFF6D /* CoinDataService.swift */,
				B649F5C529291A87004B3D92 /* CoinImageService.swift */,
				B642CF5D2931D677000C19EF /* MarketDataService.swift */,
				B665AACF2934EA8E00B608AB /* PortfolioDataService.swift */,
				B6B35EC8293B285A00640E9A /* CoinDetailDataService.swift */,
			);
			path = Services;
			sourceTree = "<group>";
		};
		A26EDAAD291D1B69004DD0B2 /* Models */ = {
			isa = PBXGroup;
			children = (
				A26EDAAE291D1B95004DD0B2 /* CoinModel.swift */,
				B6FA45A8292D1AAF008D83BC /* StatisticModel.swift */,
				B642CF5B2931D19E000C19EF /* MarketDataModel.swift */,
				B665AACC2934E9A600B608AB /* PortfolioContainer.xcdatamodeld */,
				B6B35EC4293B255800640E9A /* CoinDetailModel.swift */,
			);
			path = Models;
			sourceTree = "<group>";
		};
		A2D41376291BBF8700C1A25F /* Components */ = {
			isa = PBXGroup;
			children = (
				B649F5BE29291913004B3D92 /* CoinImage */,
				A2D41377291BBF9900C1A25F /* CircleButton */,
				B61BB282292BB2B700FFC771 /* SearchBarView.swift */,
				B6FA45AA292D1BB0008D83BC /* StatisticView.swift */,
				B642CF612931E113000C19EF /* XMarkButton.swift */,
			);
			path = Components;
			sourceTree = "<group>";
		};
		A2D41377291BBF9900C1A25F /* CircleButton */ = {
			isa = PBXGroup;
			children = (
				A2D41378291BBFAC00C1A25F /* CircleButtonView.swift */,
				A2D4137A291BC34200C1A25F /* CircleButtonAnimationView.swift */,
			);
			path = CircleButton;
			sourceTree = "<group>";
		};
		B649F5BE29291913004B3D92 /* CoinImage */ = {
			isa = PBXGroup;
			children = (
				B649F5C32929195A004B3D92 /* CoinImageView.swift */,
				B649F5C12929193B004B3D92 /* CoinImageViewModel.swift */,
				B642CF6329320EFB000C19EF /* CoinLogoView.swift */,
			);
			path = CoinImage;
			sourceTree = "<group>";
		};
		B698742E292912FA0016171C /* Utilities */ = {
			isa = PBXGroup;
			children = (
				B698742F2929132E0016171C /* NetworkingManager.swift */,
				B61BB280292A198F00FFC771 /* LocalFileManager.swift */,
				B689701A2936550F002A8F01 /* HapticManager.swift */,
			);
			path = Utilities;
			sourceTree = "<group>";
		};
/* End PBXGroup section */

/* Begin PBXNativeTarget section */
		A21F09AF291BAE40008AFE29 /* CryptoSwift */ = {
			isa = PBXNativeTarget;
			buildConfigurationList = A21F09BE291BAE41008AFE29 /* Build configuration list for PBXNativeTarget "CryptoSwift" */;
			buildPhases = (
				A21F09AC291BAE40008AFE29 /* Sources */,
				A21F09AD291BAE40008AFE29 /* Frameworks */,
				A21F09AE291BAE40008AFE29 /* Resources */,
			);
			buildRules = (
			);
			dependencies = (
			);
			name = CryptoSwift;
			productName = CryptoSwift;
			productReference = A21F09B0291BAE40008AFE29 /* CryptoSwift.app */;
			productType = "com.apple.product-type.application";
		};
/* End PBXNativeTarget section */

/* Begin PBXProject section */
		A21F09A8291BAE40008AFE29 /* Project object */ = {
			isa = PBXProject;
			attributes = {
				BuildIndependentTargetsInParallel = 1;
				LastSwiftUpdateCheck = 1400;
				LastUpgradeCheck = 1400;
				TargetAttributes = {
					A21F09AF291BAE40008AFE29 = {
						CreatedOnToolsVersion = 14.0.1;
					};
				};
			};
			buildConfigurationList = A21F09AB291BAE40008AFE29 /* Build configuration list for PBXProject "CryptoSwift" */;
			compatibilityVersion = "Xcode 14.0";
			developmentRegion = en;
			hasScannedForEncodings = 0;
			knownRegions = (
				en,
				Base,
			);
			mainGroup = A21F09A7291BAE40008AFE29;
			productRefGroup = A21F09B1291BAE40008AFE29 /* Products */;
			projectDirPath = "";
			projectRoot = "";
			targets = (
				A21F09AF291BAE40008AFE29 /* CryptoSwift */,
			);
		};
/* End PBXProject section */

/* Begin PBXResourcesBuildPhase section */
		A21F09AE291BAE40008AFE29 /* Resources */ = {
			isa = PBXResourcesBuildPhase;
			buildActionMask = 2147483647;
			files = (
				A21F09BB291BAE41008AFE29 /* Preview Assets.xcassets in Resources */,
				B6919590291E9203005A50A8 /* Assets.xcassets in Resources */,
			);
			runOnlyForDeploymentPostprocessing = 0;
		};
/* End PBXResourcesBuildPhase section */

/* Begin PBXSourcesBuildPhase section */
		A21F09AC291BAE40008AFE29 /* Sources */ = {
			isa = PBXSourcesBuildPhase;
			buildActionMask = 2147483647;
			files = (
				B665AACE2934E9A600B608AB /* PortfolioContainer.xcdatamodeld in Sources */,
				B642CF622931E113000C19EF /* XMarkButton.swift in Sources */,
				B6FA45A9292D1AAF008D83BC /* StatisticModel.swift in Sources */,
				B6B35ECB293E2B3200640E9A /* ChartView.swift in Sources */,
				B649F5C22929193B004B3D92 /* CoinImageViewModel.swift in Sources */,
				A247B7D0292648CF002FFF6D /* CoinDataService.swift in Sources */,
				B6919592291E92AF005A50A8 /* CoinRowView.swift in Sources */,
				B6B35ECD293E30EB00640E9A /* Date.swift in Sources */,
				B602F0662920D26A00D9268E /* HomeViewModel.swift in Sources */,
				B61BB281292A198F00FFC771 /* LocalFileManager.swift in Sources */,
				B642CF5C2931D19E000C19EF /* MarketDataModel.swift in Sources */,
				A21F09B6291BAE40008AFE29 /* ContentView.swift in Sources */,
				B6FA45AB292D1BB0008D83BC /* StatisticView.swift in Sources */,
				A2D41375291BBEC000C1A25F /* HomeView.swift in Sources */,
				A21F09B4291BAE40008AFE29 /* CryptoSwiftApp.swift in Sources */,
				B61BB285292BB6AA00FFC771 /* UIApplication.swift in Sources */,
				A2D41379291BBFAC00C1A25F /* CircleButtonView.swift in Sources */,
				A21F09C5291BB01E008AFE29 /* Color.swift in Sources */,
				A22FD24C293732F100D7F3B8 /* DetailView.swift in Sources */,
				B689701B2936550F002A8F01 /* HapticManager.swift in Sources */,
				B61BB283292BB2B700FFC771 /* SearchBarView.swift in Sources */,
				B69874302929132E0016171C /* NetworkingManager.swift in Sources */,
				B642CF6429320EFB000C19EF /* CoinLogoView.swift in Sources */,
				B6FA45AD292D1E8C008D83BC /* HomeStatsView.swift in Sources */,
				B642CF5E2931D677000C19EF /* MarketDataService.swift in Sources */,
				A2D4137B291BC34200C1A25F /* CircleButtonAnimationView.swift in Sources */,
				B649F5C42929195A004B3D92 /* CoinImageView.swift in Sources */,
				B6919594291E930B005A50A8 /* PreviewProvider.swift in Sources */,
				B642CF602931DF54000C19EF /* PortfolioView.swift in Sources */,
				B6919596291E9767005A50A8 /* Double.swift in Sources */,
				B649F5C629291A87004B3D92 /* CoinImageService.swift in Sources */,
				B6B35EC5293B255800640E9A /* CoinDetailModel.swift in Sources */,
				A26EDAAF291D1B95004DD0B2 /* CoinModel.swift in Sources */,
				B6B35EC9293B285A00640E9A /* CoinDetailDataService.swift in Sources */,
				B6B35EC7293B283900640E9A /* DetailViewModel.swift in Sources */,
				B665AAD02934EA8E00B608AB /* PortfolioDataService.swift in Sources */,
			);
			runOnlyForDeploymentPostprocessing = 0;
		};
/* End PBXSourcesBuildPhase section */

/* Begin XCBuildConfiguration section */
		A21F09BC291BAE41008AFE29 /* Debug */ = {
			isa = XCBuildConfiguration;
			buildSettings = {
				ALWAYS_SEARCH_USER_PATHS = NO;
				CLANG_ANALYZER_NONNULL = YES;
				CLANG_ANALYZER_NUMBER_OBJECT_CONVERSION = YES_AGGRESSIVE;
				CLANG_CXX_LANGUAGE_STANDARD = "gnu++20";
				CLANG_ENABLE_MODULES = YES;
				CLANG_ENABLE_OBJC_ARC = YES;
				CLANG_ENABLE_OBJC_WEAK = YES;
				CLANG_WARN_BLOCK_CAPTURE_AUTORELEASING = YES;
				CLANG_WARN_BOOL_CONVERSION = YES;
				CLANG_WARN_COMMA = YES;
				CLANG_WARN_CONSTANT_CONVERSION = YES;
				CLANG_WARN_DEPRECATED_OBJC_IMPLEMENTATIONS = YES;
				CLANG_WARN_DIRECT_OBJC_ISA_USAGE = YES_ERROR;
				CLANG_WARN_DOCUMENTATION_COMMENTS = YES;
				CLANG_WARN_EMPTY_BODY = YES;
				CLANG_WARN_ENUM_CONVERSION = YES;
				CLANG_WARN_INFINITE_RECURSION = YES;
				CLANG_WARN_INT_CONVERSION = YES;
				CLANG_WARN_NON_LITERAL_NULL_CONVERSION = YES;
				CLANG_WARN_OBJC_IMPLICIT_RETAIN_SELF = YES;
				CLANG_WARN_OBJC_LITERAL_CONVERSION = YES;
				CLANG_WARN_OBJC_ROOT_CLASS = YES_ERROR;
				CLANG_WARN_QUOTED_INCLUDE_IN_FRAMEWORK_HEADER = YES;
				CLANG_WARN_RANGE_LOOP_ANALYSIS = YES;
				CLANG_WARN_STRICT_PROTOTYPES = YES;
				CLANG_WARN_SUSPICIOUS_MOVE = YES;
				CLANG_WARN_UNGUARDED_AVAILABILITY = YES_AGGRESSIVE;
				CLANG_WARN_UNREACHABLE_CODE = YES;
				CLANG_WARN__DUPLICATE_METHOD_MATCH = YES;
				COPY_PHASE_STRIP = NO;
				DEBUG_INFORMATION_FORMAT = dwarf;
				ENABLE_STRICT_OBJC_MSGSEND = YES;
				ENABLE_TESTABILITY = YES;
				GCC_C_LANGUAGE_STANDARD = gnu11;
				GCC_DYNAMIC_NO_PIC = NO;
				GCC_NO_COMMON_BLOCKS = YES;
				GCC_OPTIMIZATION_LEVEL = 0;
				GCC_PREPROCESSOR_DEFINITIONS = (
					"DEBUG=1",
					"$(inherited)",
				);
				GCC_WARN_64_TO_32_BIT_CONVERSION = YES;
				GCC_WARN_ABOUT_RETURN_TYPE = YES_ERROR;
				GCC_WARN_UNDECLARED_SELECTOR = YES;
				GCC_WARN_UNINITIALIZED_AUTOS = YES_AGGRESSIVE;
				GCC_WARN_UNUSED_FUNCTION = YES;
				GCC_WARN_UNUSED_VARIABLE = YES;
				IPHONEOS_DEPLOYMENT_TARGET = 16.0;
				MTL_ENABLE_DEBUG_INFO = INCLUDE_SOURCE;
				MTL_FAST_MATH = YES;
				ONLY_ACTIVE_ARCH = YES;
				SDKROOT = iphoneos;
				SWIFT_ACTIVE_COMPILATION_CONDITIONS = DEBUG;
				SWIFT_OPTIMIZATION_LEVEL = "-Onone";
			};
			name = Debug;
		};
		A21F09BD291BAE41008AFE29 /* Release */ = {
			isa = XCBuildConfiguration;
			buildSettings = {
				ALWAYS_SEARCH_USER_PATHS = NO;
				CLANG_ANALYZER_NONNULL = YES;
				CLANG_ANALYZER_NUMBER_OBJECT_CONVERSION = YES_AGGRESSIVE;
				CLANG_CXX_LANGUAGE_STANDARD = "gnu++20";
				CLANG_ENABLE_MODULES = YES;
				CLANG_ENABLE_OBJC_ARC = YES;
				CLANG_ENABLE_OBJC_WEAK = YES;
				CLANG_WARN_BLOCK_CAPTURE_AUTORELEASING = YES;
				CLANG_WARN_BOOL_CONVERSION = YES;
				CLANG_WARN_COMMA = YES;
				CLANG_WARN_CONSTANT_CONVERSION = YES;
				CLANG_WARN_DEPRECATED_OBJC_IMPLEMENTATIONS = YES;
				CLANG_WARN_DIRECT_OBJC_ISA_USAGE = YES_ERROR;
				CLANG_WARN_DOCUMENTATION_COMMENTS = YES;
				CLANG_WARN_EMPTY_BODY = YES;
				CLANG_WARN_ENUM_CONVERSION = YES;
				CLANG_WARN_INFINITE_RECURSION = YES;
				CLANG_WARN_INT_CONVERSION = YES;
				CLANG_WARN_NON_LITERAL_NULL_CONVERSION = YES;
				CLANG_WARN_OBJC_IMPLICIT_RETAIN_SELF = YES;
				CLANG_WARN_OBJC_LITERAL_CONVERSION = YES;
				CLANG_WARN_OBJC_ROOT_CLASS = YES_ERROR;
				CLANG_WARN_QUOTED_INCLUDE_IN_FRAMEWORK_HEADER = YES;
				CLANG_WARN_RANGE_LOOP_ANALYSIS = YES;
				CLANG_WARN_STRICT_PROTOTYPES = YES;
				CLANG_WARN_SUSPICIOUS_MOVE = YES;
				CLANG_WARN_UNGUARDED_AVAILABILITY = YES_AGGRESSIVE;
				CLANG_WARN_UNREACHABLE_CODE = YES;
				CLANG_WARN__DUPLICATE_METHOD_MATCH = YES;
				COPY_PHASE_STRIP = NO;
				DEBUG_INFORMATION_FORMAT = "dwarf-with-dsym";
				ENABLE_NS_ASSERTIONS = NO;
				ENABLE_STRICT_OBJC_MSGSEND = YES;
				GCC_C_LANGUAGE_STANDARD = gnu11;
				GCC_NO_COMMON_BLOCKS = YES;
				GCC_WARN_64_TO_32_BIT_CONVERSION = YES;
				GCC_WARN_ABOUT_RETURN_TYPE = YES_ERROR;
				GCC_WARN_UNDECLARED_SELECTOR = YES;
				GCC_WARN_UNINITIALIZED_AUTOS = YES_AGGRESSIVE;
				GCC_WARN_UNUSED_FUNCTION = YES;
				GCC_WARN_UNUSED_VARIABLE = YES;
				IPHONEOS_DEPLOYMENT_TARGET = 16.0;
				MTL_ENABLE_DEBUG_INFO = NO;
				MTL_FAST_MATH = YES;
				SDKROOT = iphoneos;
				SWIFT_COMPILATION_MODE = wholemodule;
				SWIFT_OPTIMIZATION_LEVEL = "-O";
				VALIDATE_PRODUCT = YES;
			};
			name = Release;
		};
		A21F09BF291BAE41008AFE29 /* Debug */ = {
			isa = XCBuildConfiguration;
			buildSettings = {
				ASSETCATALOG_COMPILER_APPICON_NAME = AppIcon;
				ASSETCATALOG_COMPILER_GLOBAL_ACCENT_COLOR_NAME = AccentColor;
				CODE_SIGN_STYLE = Automatic;
				CURRENT_PROJECT_VERSION = 1;
				DEVELOPMENT_ASSET_PATHS = "\"CryptoSwift/Preview Content\"";
				DEVELOPMENT_TEAM = 3D5H55Z4KP;
				ENABLE_PREVIEWS = YES;
				GENERATE_INFOPLIST_FILE = YES;
				INFOPLIST_KEY_CFBundleDisplayName = "My Portfolio";
				INFOPLIST_KEY_LSApplicationCategoryType = "public.app-category.finance";
				INFOPLIST_KEY_UIApplicationSceneManifest_Generation = YES;
				INFOPLIST_KEY_UIApplicationSupportsIndirectInputEvents = YES;
				INFOPLIST_KEY_UILaunchScreen_Generation = YES;
				INFOPLIST_KEY_UIRequiresFullScreen = NO;
				INFOPLIST_KEY_UISupportedInterfaceOrientations = UIInterfaceOrientationPortrait;
				LD_RUNPATH_SEARCH_PATHS = (
					"$(inherited)",
					"@executable_path/Frameworks",
				);
				MARKETING_VERSION = 1.0;
				PRODUCT_BUNDLE_IDENTIFIER = com.zachary.CryptoSwift;
				PRODUCT_NAME = "$(TARGET_NAME)";
				SWIFT_EMIT_LOC_STRINGS = YES;
				SWIFT_VERSION = 5.0;
				TARGETED_DEVICE_FAMILY = "1,2";
			};
			name = Debug;
		};
		A21F09C0291BAE41008AFE29 /* Release */ = {
			isa = XCBuildConfiguration;
			buildSettings = {
				ASSETCATALOG_COMPILER_APPICON_NAME = AppIcon;
				ASSETCATALOG_COMPILER_GLOBAL_ACCENT_COLOR_NAME = AccentColor;
				CODE_SIGN_STYLE = Automatic;
				CURRENT_PROJECT_VERSION = 1;
				DEVELOPMENT_ASSET_PATHS = "\"CryptoSwift/Preview Content\"";
				DEVELOPMENT_TEAM = 3D5H55Z4KP;
				ENABLE_PREVIEWS = YES;
				GENERATE_INFOPLIST_FILE = YES;
				INFOPLIST_KEY_CFBundleDisplayName = "My Portfolio";
				INFOPLIST_KEY_LSApplicationCategoryType = "public.app-category.finance";
				INFOPLIST_KEY_UIApplicationSceneManifest_Generation = YES;
				INFOPLIST_KEY_UIApplicationSupportsIndirectInputEvents = YES;
				INFOPLIST_KEY_UILaunchScreen_Generation = YES;
				INFOPLIST_KEY_UIRequiresFullScreen = NO;
				INFOPLIST_KEY_UISupportedInterfaceOrientations = UIInterfaceOrientationPortrait;
				LD_RUNPATH_SEARCH_PATHS = (
					"$(inherited)",
					"@executable_path/Frameworks",
				);
				MARKETING_VERSION = 1.0;
				PRODUCT_BUNDLE_IDENTIFIER = com.zachary.CryptoSwift;
				PRODUCT_NAME = "$(TARGET_NAME)";
				SWIFT_EMIT_LOC_STRINGS = YES;
				SWIFT_VERSION = 5.0;
				TARGETED_DEVICE_FAMILY = "1,2";
			};
			name = Release;
		};
/* End XCBuildConfiguration section */

/* Begin XCConfigurationList section */
		A21F09AB291BAE40008AFE29 /* Build configuration list for PBXProject "CryptoSwift" */ = {
			isa = XCConfigurationList;
			buildConfigurations = (
				A21F09BC291BAE41008AFE29 /* Debug */,
				A21F09BD291BAE41008AFE29 /* Release */,
			);
			defaultConfigurationIsVisible = 0;
			defaultConfigurationName = Release;
		};
		A21F09BE291BAE41008AFE29 /* Build configuration list for PBXNativeTarget "CryptoSwift" */ = {
			isa = XCConfigurationList;
			buildConfigurations = (
				A21F09BF291BAE41008AFE29 /* Debug */,
				A21F09C0291BAE41008AFE29 /* Release */,
			);
			defaultConfigurationIsVisible = 0;
			defaultConfigurationName = Release;
		};
/* End XCConfigurationList section */

/* Begin XCVersionGroup section */
		B665AACC2934E9A600B608AB /* PortfolioContainer.xcdatamodeld */ = {
			isa = XCVersionGroup;
			children = (
				B665AACD2934E9A600B608AB /* PortfolioContainer.xcdatamodel */,
			);
			currentVersion = B665AACD2934E9A600B608AB /* PortfolioContainer.xcdatamodel */;
			path = PortfolioContainer.xcdatamodeld;
			sourceTree = "<group>";
			versionGroupType = wrapper.xcdatamodel;
		};
/* End XCVersionGroup section */
	};
	rootObject = A21F09A8291BAE40008AFE29 /* Project object */;
}
