// !$*UTF8*$!
{
	archiveVersion = 1;
	classes = {
	};
	objectVersion = 56;
	objects = {

/* Begin PBXBuildFile section */
		A21F09B4291BAE40008AFE29 /* CryptoSwiftApp.swift in Sources */ = {isa = PBXBuildFile; fileRef = A21F09B3291BAE40008AFE29 /* CryptoSwiftApp.swift */; };
		A21F09B6291BAE40008AFE29 /* ContentView.swift in Sources */ = {isa = PBXBuildFile; fileRef = A21F09B5291BAE40008AFE29 /* ContentView.swift */; };
		A21F09BB291BAE41008AFE29 /* Preview Assets.xcassets in Resources */ = {isa = PBXBuildFile; fileRef = A21F09BA291BAE41008AFE29 /* Preview Assets.xcassets */; };
		A21F09C2291BAFA8008AFE29 /* Assets.xcassets in Resources */ = {isa = PBXBuildFile; fileRef = A21F09C1291BAFA8008AFE29 /* Assets.xcassets */; };
		A21F09C5291BB01E008AFE29 /* Color.swift in Sources */ = {isa = PBXBuildFile; fileRef = A21F09C4291BB01E008AFE29 /* Color.swift */; };
		A2D41375291BBEC000C1A25F /* HomeView.swift in Sources */ = {isa = PBXBuildFile; fileRef = A2D41374291BBEC000C1A25F /* HomeView.swift */; };
		A2D41379291BBFAC00C1A25F /* CircleButtonView.swift in Sources */ = {isa = PBXBuildFile; fileRef = A2D41378291BBFAC00C1A25F /* CircleButtonView.swift */; };
		A2D4137B291BC34200C1A25F /* CircleButtonAnimationView.swift in Sources */ = {isa = PBXBuildFile; fileRef = A2D4137A291BC34200C1A25F /* CircleButtonAnimationView.swift */; };
/* End PBXBuildFile section */

/* Begin PBXFileReference section */
		A21F09B0291BAE40008AFE29 /* CryptoSwift.app */ = {isa = PBXFileReference; explicitFileType = wrapper.application; includeInIndex = 0; path = CryptoSwift.app; sourceTree = BUILT_PRODUCTS_DIR; };
		A21F09B3291BAE40008AFE29 /* CryptoSwiftApp.swift */ = {isa = PBXFileReference; lastKnownFileType = sourcecode.swift; path = CryptoSwiftApp.swift; sourceTree = "<group>"; };
		A21F09B5291BAE40008AFE29 /* ContentView.swift */ = {isa = PBXFileReference; lastKnownFileType = sourcecode.swift; path = ContentView.swift; sourceTree = "<group>"; };
		A21F09BA291BAE41008AFE29 /* Preview Assets.xcassets */ = {isa = PBXFileReference; lastKnownFileType = folder.assetcatalog; path = "Preview Assets.xcassets"; sourceTree = "<group>"; };
		A21F09C1291BAFA8008AFE29 /* Assets.xcassets */ = {isa = PBXFileReference; lastKnownFileType = folder.assetcatalog; name = Assets.xcassets; path = ../../Resources/Assets.xcassets; sourceTree = "<group>"; };
		A21F09C4291BB01E008AFE29 /* Color.swift */ = {isa = PBXFileReference; lastKnownFileType = sourcecode.swift; path = Color.swift; sourceTree = "<group>"; };
		A2D41374291BBEC000C1A25F /* HomeView.swift */ = {isa = PBXFileReference; lastKnownFileType = sourcecode.swift; path = HomeView.swift; sourceTree = "<group>"; };
		A2D41378291BBFAC00C1A25F /* CircleButtonView.swift */ = {isa = PBXFileReference; lastKnownFileType = sourcecode.swift; path = CircleButtonView.swift; sourceTree = "<group>"; };
		A2D4137A291BC34200C1A25F /* CircleButtonAnimationView.swift */ = {isa = PBXFileReference; lastKnownFileType = sourcecode.swift; path = CircleButtonAnimationView.swift; sourceTree = "<group>"; };
/* End PBXFileReference section */

/* Begin PBXFrameworksBuildPhase section */
		A21F09AD291BAE40008AFE29 /* Frameworks */ = {
			isa = PBXFrameworksBuildPhase;
			buildActionMask = 2147483647;
			files = (
			);
			runOnlyForDeploymentPostprocessing = 0;
		};
/* End PBXFrameworksBuildPhase section */

/* Begin PBXGroup section */
		A21F09A7291BAE40008AFE29 = {
			isa = PBXGroup;
			children = (
				A21F09B2291BAE40008AFE29 /* CryptoSwift */,
				A21F09B1291BAE40008AFE29 /* Products */,
			);
			sourceTree = "<group>";
		};
		A21F09B1291BAE40008AFE29 /* Products */ = {
			isa = PBXGroup;
			children = (
				A21F09B0291BAE40008AFE29 /* CryptoSwift.app */,
			);
			name = Products;
			sourceTree = "<group>";
		};
		A21F09B2291BAE40008AFE29 /* CryptoSwift */ = {
			isa = PBXGroup;
			children = (
				A21F09B3291BAE40008AFE29 /* CryptoSwiftApp.swift */,
				A21F09B5291BAE40008AFE29 /* ContentView.swift */,
				A21F09C6291BB26B008AFE29 /* Core */,
				A21F09C3291BB004008AFE29 /* Extensions */,
				A21F09C1291BAFA8008AFE29 /* Assets.xcassets */,
				A21F09B9291BAE41008AFE29 /* Preview Content */,
			);
			path = CryptoSwift;
			sourceTree = "<group>";
		};
		A21F09B9291BAE41008AFE29 /* Preview Content */ = {
			isa = PBXGroup;
			children = (
				A21F09BA291BAE41008AFE29 /* Preview Assets.xcassets */,
			);
			path = "Preview Content";
			sourceTree = "<group>";
		};
		A21F09C3291BB004008AFE29 /* Extensions */ = {
			isa = PBXGroup;
			children = (
				A21F09C4291BB01E008AFE29 /* Color.swift */,
			);
			path = Extensions;
			sourceTree = "<group>";
		};
		A21F09C6291BB26B008AFE29 /* Core */ = {
			isa = PBXGroup;
			children = (
				A2D41376291BBF8700C1A25F /* Components */,
				A21F09C7291BB28C008AFE29 /* Home */,
			);
			path = Core;
			sourceTree = "<group>";
		};
		A21F09C7291BB28C008AFE29 /* Home */ = {
			isa = PBXGroup;
			children = (
				A21F09C8291BB29A008AFE29 /* Views */,
				A21F09C9291BB2A5008AFE29 /* ViewModels */,
			);
			path = Home;
			sourceTree = "<group>";
		};
		A21F09C8291BB29A008AFE29 /* Views */ = {
			isa = PBXGroup;
			children = (
				A2D41374291BBEC000C1A25F /* HomeView.swift */,
			);
			path = Views;
			sourceTree = "<group>";
		};
		A21F09C9291BB2A5008AFE29 /* ViewModels */ = {
			isa = PBXGroup;
			children = (
			);
			path = ViewModels;
			sourceTree = "<group>";
		};
		A2D41376291BBF8700C1A25F /* Components */ = {
			isa = PBXGroup;
			children = (
				A2D41377291BBF9900C1A25F /* CircleButton */,
			);
			path = Components;
			sourceTree = "<group>";
		};
		A2D41377291BBF9900C1A25F /* CircleButton */ = {
			isa = PBXGroup;
			children = (
				A2D41378291BBFAC00C1A25F /* CircleButtonView.swift */,
				A2D4137A291BC34200C1A25F /* CircleButtonAnimationView.swift */,
			);
			path = CircleButton;
			sourceTree = "<group>";
		};
/* End PBXGroup section */

/* Begin PBXNativeTarget section */
		A21F09AF291BAE40008AFE29 /* CryptoSwift */ = {
			isa = PBXNativeTarget;
			buildConfigurationList = A21F09BE291BAE41008AFE29 /* Build configuration list for PBXNativeTarget "CryptoSwift" */;
			buildPhases = (
				A21F09AC291BAE40008AFE29 /* Sources */,
				A21F09AD291BAE40008AFE29 /* Frameworks */,
				A21F09AE291BAE40008AFE29 /* Resources */,
			);
			buildRules = (
			);
			dependencies = (
			);
			name = CryptoSwift;
			productName = CryptoSwift;
			productReference = A21F09B0291BAE40008AFE29 /* CryptoSwift.app */;
			productType = "com.apple.product-type.application";
		};
/* End PBXNativeTarget section */

/* Begin PBXProject section */
		A21F09A8291BAE40008AFE29 /* Project object */ = {
			isa = PBXProject;
			attributes = {
				BuildIndependentTargetsInParallel = 1;
				LastSwiftUpdateCheck = 1400;
				LastUpgradeCheck = 1400;
				TargetAttributes = {
					A21F09AF291BAE40008AFE29 = {
						CreatedOnToolsVersion = 14.0.1;
					};
				};
			};
			buildConfigurationList = A21F09AB291BAE40008AFE29 /* Build configuration list for PBXProject "CryptoSwift" */;
			compatibilityVersion = "Xcode 14.0";
			developmentRegion = en;
			hasScannedForEncodings = 0;
			knownRegions = (
				en,
				Base,
			);
			mainGroup = A21F09A7291BAE40008AFE29;
			productRefGroup = A21F09B1291BAE40008AFE29 /* Products */;
			projectDirPath = "";
			projectRoot = "";
			targets = (
				A21F09AF291BAE40008AFE29 /* CryptoSwift */,
			);
		};
/* End PBXProject section */

/* Begin PBXResourcesBuildPhase section */
		A21F09AE291BAE40008AFE29 /* Resources */ = {
			isa = PBXResourcesBuildPhase;
			buildActionMask = 2147483647;
			files = (
				A21F09BB291BAE41008AFE29 /* Preview Assets.xcassets in Resources */,
				A21F09C2291BAFA8008AFE29 /* Assets.xcassets in Resources */,
			);
			runOnlyForDeploymentPostprocessing = 0;
		};
/* End PBXResourcesBuildPhase section */

/* Begin PBXSourcesBuildPhase section */
		A21F09AC291BAE40008AFE29 /* Sources */ = {
			isa = PBXSourcesBuildPhase;
			buildActionMask = 2147483647;
			files = (
				A21F09B6291BAE40008AFE29 /* ContentView.swift in Sources */,
				A2D41375291BBEC000C1A25F /* HomeView.swift in Sources */,
				A21F09B4291BAE40008AFE29 /* CryptoSwiftApp.swift in Sources */,
				A2D41379291BBFAC00C1A25F /* CircleButtonView.swift in Sources */,
				A21F09C5291BB01E008AFE29 /* Color.swift in Sources */,
				A2D4137B291BC34200C1A25F /* CircleButtonAnimationView.swift in Sources */,
			);
			runOnlyForDeploymentPostprocessing = 0;
		};
/* End PBXSourcesBuildPhase section */

/* Begin XCBuildConfiguration section */
		A21F09BC291BAE41008AFE29 /* Debug */ = {
			isa = XCBuildConfiguration;
			buildSettings = {
				ALWAYS_SEARCH_USER_PATHS = NO;
				CLANG_ANALYZER_NONNULL = YES;
				CLANG_ANALYZER_NUMBER_OBJECT_CONVERSION = YES_AGGRESSIVE;
				CLANG_CXX_LANGUAGE_STANDARD = "gnu++20";
				CLANG_ENABLE_MODULES = YES;
				CLANG_ENABLE_OBJC_ARC = YES;
				CLANG_ENABLE_OBJC_WEAK = YES;
				CLANG_WARN_BLOCK_CAPTURE_AUTORELEASING = YES;
				CLANG_WARN_BOOL_CONVERSION = YES;
				CLANG_WARN_COMMA = YES;
				CLANG_WARN_CONSTANT_CONVERSION = YES;
				CLANG_WARN_DEPRECATED_OBJC_IMPLEMENTATIONS = YES;
				CLANG_WARN_DIRECT_OBJC_ISA_USAGE = YES_ERROR;
				CLANG_WARN_DOCUMENTATION_COMMENTS = YES;
				CLANG_WARN_EMPTY_BODY = YES;
				CLANG_WARN_ENUM_CONVERSION = YES;
				CLANG_WARN_INFINITE_RECURSION = YES;
				CLANG_WARN_INT_CONVERSION = YES;
				CLANG_WARN_NON_LITERAL_NULL_CONVERSION = YES;
				CLANG_WARN_OBJC_IMPLICIT_RETAIN_SELF = YES;
				CLANG_WARN_OBJC_LITERAL_CONVERSION = YES;
				CLANG_WARN_OBJC_ROOT_CLASS = YES_ERROR;
				CLANG_WARN_QUOTED_INCLUDE_IN_FRAMEWORK_HEADER = YES;
				CLANG_WARN_RANGE_LOOP_ANALYSIS = YES;
				CLANG_WARN_STRICT_PROTOTYPES = YES;
				CLANG_WARN_SUSPICIOUS_MOVE = YES;
				CLANG_WARN_UNGUARDED_AVAILABILITY = YES_AGGRESSIVE;
				CLANG_WARN_UNREACHABLE_CODE = YES;
				CLANG_WARN__DUPLICATE_METHOD_MATCH = YES;
				COPY_PHASE_STRIP = NO;
				DEBUG_INFORMATION_FORMAT = dwarf;
				ENABLE_STRICT_OBJC_MSGSEND = YES;
				ENABLE_TESTABILITY = YES;
				GCC_C_LANGUAGE_STANDARD = gnu11;
				GCC_DYNAMIC_NO_PIC = NO;
				GCC_NO_COMMON_BLOCKS = YES;
				GCC_OPTIMIZATION_LEVEL = 0;
				GCC_PREPROCESSOR_DEFINITIONS = (
					"DEBUG=1",
					"$(inherited)",
				);
				GCC_WARN_64_TO_32_BIT_CONVERSION = YES;
				GCC_WARN_ABOUT_RETURN_TYPE = YES_ERROR;
				GCC_WARN_UNDECLARED_SELECTOR = YES;
				GCC_WARN_UNINITIALIZED_AUTOS = YES_AGGRESSIVE;
				GCC_WARN_UNUSED_FUNCTION = YES;
				GCC_WARN_UNUSED_VARIABLE = YES;
				IPHONEOS_DEPLOYMENT_TARGET = 16.0;
				MTL_ENABLE_DEBUG_INFO = INCLUDE_SOURCE;
				MTL_FAST_MATH = YES;
				ONLY_ACTIVE_ARCH = YES;
				SDKROOT = iphoneos;
				SWIFT_ACTIVE_COMPILATION_CONDITIONS = DEBUG;
				SWIFT_OPTIMIZATION_LEVEL = "-Onone";
			};
			name = Debug;
		};
		A21F09BD291BAE41008AFE29 /* Release */ = {
			isa = XCBuildConfiguration;
			buildSettings = {
				ALWAYS_SEARCH_USER_PATHS = NO;
				CLANG_ANALYZER_NONNULL = YES;
				CLANG_ANALYZER_NUMBER_OBJECT_CONVERSION = YES_AGGRESSIVE;
				CLANG_CXX_LANGUAGE_STANDARD = "gnu++20";
				CLANG_ENABLE_MODULES = YES;
				CLANG_ENABLE_OBJC_ARC = YES;
				CLANG_ENABLE_OBJC_WEAK = YES;
				CLANG_WARN_BLOCK_CAPTURE_AUTORELEASING = YES;
				CLANG_WARN_BOOL_CONVERSION = YES;
				CLANG_WARN_COMMA = YES;
				CLANG_WARN_CONSTANT_CONVERSION = YES;
				CLANG_WARN_DEPRECATED_OBJC_IMPLEMENTATIONS = YES;
				CLANG_WARN_DIRECT_OBJC_ISA_USAGE = YES_ERROR;
				CLANG_WARN_DOCUMENTATION_COMMENTS = YES;
				CLANG_WARN_EMPTY_BODY = YES;
				CLANG_WARN_ENUM_CONVERSION = YES;
				CLANG_WARN_INFINITE_RECURSION = YES;
				CLANG_WARN_INT_CONVERSION = YES;
				CLANG_WARN_NON_LITERAL_NULL_CONVERSION = YES;
				CLANG_WARN_OBJC_IMPLICIT_RETAIN_SELF = YES;
				CLANG_WARN_OBJC_LITERAL_CONVERSION = YES;
				CLANG_WARN_OBJC_ROOT_CLASS = YES_ERROR;
				CLANG_WARN_QUOTED_INCLUDE_IN_FRAMEWORK_HEADER = YES;
				CLANG_WARN_RANGE_LOOP_ANALYSIS = YES;
				CLANG_WARN_STRICT_PROTOTYPES = YES;
				CLANG_WARN_SUSPICIOUS_MOVE = YES;
				CLANG_WARN_UNGUARDED_AVAILABILITY = YES_AGGRESSIVE;
				CLANG_WARN_UNREACHABLE_CODE = YES;
				CLANG_WARN__DUPLICATE_METHOD_MATCH = YES;
				COPY_PHASE_STRIP = NO;
				DEBUG_INFORMATION_FORMAT = "dwarf-with-dsym";
				ENABLE_NS_ASSERTIONS = NO;
				ENABLE_STRICT_OBJC_MSGSEND = YES;
				GCC_C_LANGUAGE_STANDARD = gnu11;
				GCC_NO_COMMON_BLOCKS = YES;
				GCC_WARN_64_TO_32_BIT_CONVERSION = YES;
				GCC_WARN_ABOUT_RETURN_TYPE = YES_ERROR;
				GCC_WARN_UNDECLARED_SELECTOR = YES;
				GCC_WARN_UNINITIALIZED_AUTOS = YES_AGGRESSIVE;
				GCC_WARN_UNUSED_FUNCTION = YES;
				GCC_WARN_UNUSED_VARIABLE = YES;
				IPHONEOS_DEPLOYMENT_TARGET = 16.0;
				MTL_ENABLE_DEBUG_INFO = NO;
				MTL_FAST_MATH = YES;
				SDKROOT = iphoneos;
				SWIFT_COMPILATION_MODE = wholemodule;
				SWIFT_OPTIMIZATION_LEVEL = "-O";
				VALIDATE_PRODUCT = YES;
			};
			name = Release;
		};
		A21F09BF291BAE41008AFE29 /* Debug */ = {
			isa = XCBuildConfiguration;
			buildSettings = {
				ASSETCATALOG_COMPILER_APPICON_NAME = AppIcon;
				ASSETCATALOG_COMPILER_GLOBAL_ACCENT_COLOR_NAME = AccentColor;
				CODE_SIGN_STYLE = Automatic;
				CURRENT_PROJECT_VERSION = 1;
				DEVELOPMENT_ASSET_PATHS = "\"CryptoSwift/Preview Content\"";
				DEVELOPMENT_TEAM = 3L52645U4Z;
				ENABLE_PREVIEWS = YES;
				GENERATE_INFOPLIST_FILE = YES;
				INFOPLIST_KEY_CFBundleDisplayName = "My Portfolio";
				INFOPLIST_KEY_LSApplicationCategoryType = "public.app-category.finance";
				INFOPLIST_KEY_UIApplicationSceneManifest_Generation = YES;
				INFOPLIST_KEY_UIApplicationSupportsIndirectInputEvents = YES;
				INFOPLIST_KEY_UILaunchScreen_Generation = YES;
				INFOPLIST_KEY_UISupportedInterfaceOrientations = UIInterfaceOrientationPortrait;
				LD_RUNPATH_SEARCH_PATHS = (
					"$(inherited)",
					"@executable_path/Frameworks",
				);
				MARKETING_VERSION = 1.0;
				PRODUCT_BUNDLE_IDENTIFIER = com.zachary.CryptoSwift;
				PRODUCT_NAME = "$(TARGET_NAME)";
				SWIFT_EMIT_LOC_STRINGS = YES;
				SWIFT_VERSION = 5.0;
				TARGETED_DEVICE_FAMILY = "1,2";
			};
			name = Debug;
		};
		A21F09C0291BAE41008AFE29 /* Release */ = {
			isa = XCBuildConfiguration;
			buildSettings = {
				ASSETCATALOG_COMPILER_APPICON_NAME = AppIcon;
				ASSETCATALOG_COMPILER_GLOBAL_ACCENT_COLOR_NAME = AccentColor;
				CODE_SIGN_STYLE = Automatic;
				CURRENT_PROJECT_VERSION = 1;
				DEVELOPMENT_ASSET_PATHS = "\"CryptoSwift/Preview Content\"";
				DEVELOPMENT_TEAM = 3L52645U4Z;
				ENABLE_PREVIEWS = YES;
				GENERATE_INFOPLIST_FILE = YES;
				INFOPLIST_KEY_CFBundleDisplayName = "My Portfolio";
				INFOPLIST_KEY_LSApplicationCategoryType = "public.app-category.finance";
				INFOPLIST_KEY_UIApplicationSceneManifest_Generation = YES;
				INFOPLIST_KEY_UIApplicationSupportsIndirectInputEvents = YES;
				INFOPLIST_KEY_UILaunchScreen_Generation = YES;
				INFOPLIST_KEY_UISupportedInterfaceOrientations = UIInterfaceOrientationPortrait;
				LD_RUNPATH_SEARCH_PATHS = (
					"$(inherited)",
					"@executable_path/Frameworks",
				);
				MARKETING_VERSION = 1.0;
				PRODUCT_BUNDLE_IDENTIFIER = com.zachary.CryptoSwift;
				PRODUCT_NAME = "$(TARGET_NAME)";
				SWIFT_EMIT_LOC_STRINGS = YES;
				SWIFT_VERSION = 5.0;
				TARGETED_DEVICE_FAMILY = "1,2";
			};
			name = Release;
		};
/* End XCBuildConfiguration section */

/* Begin XCConfigurationList section */
		A21F09AB291BAE40008AFE29 /* Build configuration list for PBXProject "CryptoSwift" */ = {
			isa = XCConfigurationList;
			buildConfigurations = (
				A21F09BC291BAE41008AFE29 /* Debug */,
				A21F09BD291BAE41008AFE29 /* Release */,
			);
			defaultConfigurationIsVisible = 0;
			defaultConfigurationName = Release;
		};
		A21F09BE291BAE41008AFE29 /* Build configuration list for PBXNativeTarget "CryptoSwift" */ = {
			isa = XCConfigurationList;
			buildConfigurations = (
				A21F09BF291BAE41008AFE29 /* Debug */,
				A21F09C0291BAE41008AFE29 /* Release */,
			);
			defaultConfigurationIsVisible = 0;
			defaultConfigurationName = Release;
		};
/* End XCConfigurationList section */
	};
	rootObject = A21F09A8291BAE40008AFE29 /* Project object */;
}
